{"is_source_file": false, "format": "", "description": "", "external_files": [], "external_methods": [], "published": [], "classes": [], "methods": [], "calls": [], "search-terms": [], "state": 2, "file_id": 28, "knowledge_revision": 77, "git_revision": "4bca1db9a8644f9748a38813e284cad804c85b22", "hash": "e9b4c3b42cef0193b7fddb548d37e652", "format-version": 4, "code-base-name": "default", "filename": "local_link_hub/post_process_status.lock", "revision_history": [{"77": "4bca1db9a8644f9748a38813e284cad804c85b22"}]}